
Microsoft Visual Studio Solution File, Format Version 12.00
# Visual Studio Version 17
VisualStudioVersion = 17.0.31903.59
MinimumVisualStudioVersion = 10.0.40219.1
Project("{2150E333-8FDC-42A3-9474-1A3956D46DE8}") = "src", "src", "{827E0CD3-B72D-47B6-A68D-7590B98EB39B}"
EndProject
Project("{FAE04EC0-301F-11D3-BF4B-00C04F79EFBC}") = "NovaWallet.Domain", "src\NovaWallet.Domain\NovaWallet.Domain.csproj", "{2F720D57-4BC3-4458-BDA1-88394BBD5196}"
EndProject
Project("{FAE04EC0-301F-11D3-BF4B-00C04F79EFBC}") = "NovaWallet.Application", "src\NovaWallet.Application\NovaWallet.Application.csproj", "{A08120FC-DE24-48CE-AB31-1C4876B01FB4}"
EndProject
Project("{FAE04EC0-301F-11D3-BF4B-00C04F79EFBC}") = "NovaWallet.Infrastructure", "src\NovaWallet.Infrastructure\NovaWallet.Infrastructure.csproj", "{9BFE9919-4E3F-4187-9BCC-F2B4A657581D}"
EndProject
Project("{FAE04EC0-301F-11D3-BF4B-00C04F79EFBC}") = "NovaWallet.Api", "src\NovaWallet.Api\NovaWallet.Api.csproj", "{BF1E66A0-715E-419E-976A-CE4CDE9AA7B5}"
EndProject
Project("{2150E333-8FDC-42A3-9474-1A3956D46DE8}") = "tests", "tests", "{0AB3BF05-4346-4AA6-1389-037BE0695223}"
EndProject
Project("{FAE04EC0-301F-11D3-BF4B-00C04F79EFBC}") = "NovaWallet.Tests", "tests\NovaWallet.Tests\NovaWallet.Tests.csproj", "{D97B14D4-2D97-41F6-81C3-8722AF498155}"
EndProject
Global
	GlobalSection(SolutionConfigurationPlatforms) = preSolution
		Debug|Any CPU = Debug|Any CPU
		Debug|x64 = Debug|x64
		Debug|x86 = Debug|x86
		Release|Any CPU = Release|Any CPU
		Release|x64 = Release|x64
		Release|x86 = Release|x86
	EndGlobalSection
	GlobalSection(ProjectConfigurationPlatforms) = postSolution
		{2F720D57-4BC3-4458-BDA1-88394BBD5196}.Debug|Any CPU.ActiveCfg = Debug|Any CPU
		{2F720D57-4BC3-4458-BDA1-88394BBD5196}.Debug|Any CPU.Build.0 = Debug|Any CPU
		{2F720D57-4BC3-4458-BDA1-88394BBD5196}.Debug|x64.ActiveCfg = Debug|Any CPU
		{2F720D57-4BC3-4458-BDA1-88394BBD5196}.Debug|x64.Build.0 = Debug|Any CPU
		{2F720D57-4BC3-4458-BDA1-88394BBD5196}.Debug|x86.ActiveCfg = Debug|Any CPU
		{2F720D57-4BC3-4458-BDA1-88394BBD5196}.Debug|x86.Build.0 = Debug|Any CPU
		{2F720D57-4BC3-4458-BDA1-88394BBD5196}.Release|Any CPU.ActiveCfg = Release|Any CPU
		{2F720D57-4BC3-4458-BDA1-88394BBD5196}.Release|Any CPU.Build.0 = Release|Any CPU
		{2F720D57-4BC3-4458-BDA1-88394BBD5196}.Release|x64.ActiveCfg = Release|Any CPU
		{2F720D57-4BC3-4458-BDA1-88394BBD5196}.Release|x64.Build.0 = Release|Any CPU
		{2F720D57-4BC3-4458-BDA1-88394BBD5196}.Release|x86.ActiveCfg = Release|Any CPU
		{2F720D57-4BC3-4458-BDA1-88394BBD5196}.Release|x86.Build.0 = Release|Any CPU
		{A08120FC-DE24-48CE-AB31-1C4876B01FB4}.Debug|Any CPU.ActiveCfg = Debug|Any CPU
		{A08120FC-DE24-48CE-AB31-1C4876B01FB4}.Debug|Any CPU.Build.0 = Debug|Any CPU
		{A08120FC-DE24-48CE-AB31-1C4876B01FB4}.Debug|x64.ActiveCfg = Debug|Any CPU
		{A08120FC-DE24-48CE-AB31-1C4876B01FB4}.Debug|x64.Build.0 = Debug|Any CPU
		{A08120FC-DE24-48CE-AB31-1C4876B01FB4}.Debug|x86.ActiveCfg = Debug|Any CPU
		{A08120FC-DE24-48CE-AB31-1C4876B01FB4}.Debug|x86.Build.0 = Debug|Any CPU
		{A08120FC-DE24-48CE-AB31-1C4876B01FB4}.Release|Any CPU.ActiveCfg = Release|Any CPU
		{A08120FC-DE24-48CE-AB31-1C4876B01FB4}.Release|Any CPU.Build.0 = Release|Any CPU
		{A08120FC-DE24-48CE-AB31-1C4876B01FB4}.Release|x64.ActiveCfg = Release|Any CPU
		{A08120FC-DE24-48CE-AB31-1C4876B01FB4}.Release|x64.Build.0 = Release|Any CPU
		{A08120FC-DE24-48CE-AB31-1C4876B01FB4}.Release|x86.ActiveCfg = Release|Any CPU
		{A08120FC-DE24-48CE-AB31-1C4876B01FB4}.Release|x86.Build.0 = Release|Any CPU
		{9BFE9919-4E3F-4187-9BCC-F2B4A657581D}.Debug|Any CPU.ActiveCfg = Debug|Any CPU
		{9BFE9919-4E3F-4187-9BCC-F2B4A657581D}.Debug|Any CPU.Build.0 = Debug|Any CPU
		{9BFE9919-4E3F-4187-9BCC-F2B4A657581D}.Debug|x64.ActiveCfg = Debug|Any CPU
		{9BFE9919-4E3F-4187-9BCC-F2B4A657581D}.Debug|x64.Build.0 = Debug|Any CPU
		{9BFE9919-4E3F-4187-9BCC-F2B4A657581D}.Debug|x86.ActiveCfg = Debug|Any CPU
		{9BFE9919-4E3F-4187-9BCC-F2B4A657581D}.Debug|x86.Build.0 = Debug|Any CPU
		{9BFE9919-4E3F-4187-9BCC-F2B4A657581D}.Release|Any CPU.ActiveCfg = Release|Any CPU
		{9BFE9919-4E3F-4187-9BCC-F2B4A657581D}.Release|Any CPU.Build.0 = Release|Any CPU
		{9BFE9919-4E3F-4187-9BCC-F2B4A657581D}.Release|x64.ActiveCfg = Release|Any CPU
		{9BFE9919-4E3F-4187-9BCC-F2B4A657581D}.Release|x64.Build.0 = Release|Any CPU
		{9BFE9919-4E3F-4187-9BCC-F2B4A657581D}.Release|x86.ActiveCfg = Release|Any CPU
		{9BFE9919-4E3F-4187-9BCC-F2B4A657581D}.Release|x86.Build.0 = Release|Any CPU
		{BF1E66A0-715E-419E-976A-CE4CDE9AA7B5}.Debug|Any CPU.ActiveCfg = Debug|Any CPU
		{BF1E66A0-715E-419E-976A-CE4CDE9AA7B5}.Debug|Any CPU.Build.0 = Debug|Any CPU
		{BF1E66A0-715E-419E-976A-CE4CDE9AA7B5}.Debug|x64.ActiveCfg = Debug|Any CPU
		{BF1E66A0-715E-419E-976A-CE4CDE9AA7B5}.Debug|x64.Build.0 = Debug|Any CPU
		{BF1E66A0-715E-419E-976A-CE4CDE9AA7B5}.Debug|x86.ActiveCfg = Debug|Any CPU
		{BF1E66A0-715E-419E-976A-CE4CDE9AA7B5}.Debug|x86.Build.0 = Debug|Any CPU
		{BF1E66A0-715E-419E-976A-CE4CDE9AA7B5}.Release|Any CPU.ActiveCfg = Release|Any CPU
		{BF1E66A0-715E-419E-976A-CE4CDE9AA7B5}.Release|Any CPU.Build.0 = Release|Any CPU
		{BF1E66A0-715E-419E-976A-CE4CDE9AA7B5}.Release|x64.ActiveCfg = Release|Any CPU
		{BF1E66A0-715E-419E-976A-CE4CDE9AA7B5}.Release|x64.Build.0 = Release|Any CPU
		{BF1E66A0-715E-419E-976A-CE4CDE9AA7B5}.Release|x86.ActiveCfg = Release|Any CPU
		{BF1E66A0-715E-419E-976A-CE4CDE9AA7B5}.Release|x86.Build.0 = Release|Any CPU
		{D97B14D4-2D97-41F6-81C3-8722AF498155}.Debug|Any CPU.ActiveCfg = Debug|Any CPU
		{D97B14D4-2D97-41F6-81C3-8722AF498155}.Debug|Any CPU.Build.0 = Debug|Any CPU
		{D97B14D4-2D97-41F6-81C3-8722AF498155}.Debug|x64.ActiveCfg = Debug|Any CPU
		{D97B14D4-2D97-41F6-81C3-8722AF498155}.Debug|x64.Build.0 = Debug|Any CPU
		{D97B14D4-2D97-41F6-81C3-8722AF498155}.Debug|x86.ActiveCfg = Debug|Any CPU
		{D97B14D4-2D97-41F6-81C3-8722AF498155}.Debug|x86.Build.0 = Debug|Any CPU
		{D97B14D4-2D97-41F6-81C3-8722AF498155}.Release|Any CPU.ActiveCfg = Release|Any CPU
		{D97B14D4-2D97-41F6-81C3-8722AF498155}.Release|Any CPU.Build.0 = Release|Any CPU
		{D97B14D4-2D97-41F6-81C3-8722AF498155}.Release|x64.ActiveCfg = Release|Any CPU
		{D97B14D4-2D97-41F6-81C3-8722AF498155}.Release|x64.Build.0 = Release|Any CPU
		{D97B14D4-2D97-41F6-81C3-8722AF498155}.Release|x86.ActiveCfg = Release|Any CPU
		{D97B14D4-2D97-41F6-81C3-8722AF498155}.Release|x86.Build.0 = Release|Any CPU
	EndGlobalSection
	GlobalSection(SolutionProperties) = preSolution
		HideSolutionNode = FALSE
	EndGlobalSection
	GlobalSection(NestedProjects) = preSolution
		{2F720D57-4BC3-4458-BDA1-88394BBD5196} = {827E0CD3-B72D-47B6-A68D-7590B98EB39B}
		{A08120FC-DE24-48CE-AB31-1C4876B01FB4} = {827E0CD3-B72D-47B6-A68D-7590B98EB39B}
		{9BFE9919-4E3F-4187-9BCC-F2B4A657581D} = {827E0CD3-B72D-47B6-A68D-7590B98EB39B}
		{BF1E66A0-715E-419E-976A-CE4CDE9AA7B5} = {827E0CD3-B72D-47B6-A68D-7590B98EB39B}
		{D97B14D4-2D97-41F6-81C3-8722AF498155} = {0AB3BF05-4346-4AA6-1389-037BE0695223}
	EndGlobalSection
EndGlobal
